
Microsoft Visual Studio Solution File, Format Version 11.00
# Visual Studio 2010
Project("{FAE04EC0-301F-11D3-BF4B-00C04F79EFBC}") = "Rolling and Collecting", "Assembly-CSharp.csproj", "{338FD305-1BF6-D836-EFDB-2CD00B52BB4B}"
EndProject
Project("{FAE04EC0-301F-11D3-BF4B-00C04F79EFBC}") = "Rolling and Collecting", "Assembly-CSharp-Editor.csproj", "{2E326A0B-8774-9153-BE67-02C490EC83BB}"
EndProject
Global
	GlobalSection(SolutionConfigurationPlatforms) = preSolution
		Debug|Any CPU = Debug|Any CPU
		Release|Any CPU = Release|Any CPU
	EndGlobalSection
	GlobalSection(ProjectConfigurationPlatforms) = postSolution
		{338FD305-1BF6-D836-EFDB-2CD00B52BB4B}.Debug|Any CPU.ActiveCfg = Debug|Any CPU
		{338FD305-1BF6-D836-EFDB-2CD00B52BB4B}.Debug|Any CPU.Build.0 = Debug|Any CPU
		{338FD305-1BF6-D836-EFDB-2CD00B52BB4B}.Release|Any CPU.ActiveCfg = Release|Any CPU
		{338FD305-1BF6-D836-EFDB-2CD00B52BB4B}.Release|Any CPU.Build.0 = Release|Any CPU
		{2E326A0B-8774-9153-BE67-02C490EC83BB}.Debug|Any CPU.ActiveCfg = Debug|Any CPU
		{2E326A0B-8774-9153-BE67-02C490EC83BB}.Debug|Any CPU.Build.0 = Debug|Any CPU
		{2E326A0B-8774-9153-BE67-02C490EC83BB}.Release|Any CPU.ActiveCfg = Release|Any CPU
		{2E326A0B-8774-9153-BE67-02C490EC83BB}.Release|Any CPU.Build.0 = Release|Any CPU
	EndGlobalSection
	GlobalSection(SolutionProperties) = preSolution
		HideSolutionNode = FALSE
	EndGlobalSection
	GlobalSection(MonoDevelopProperties) = preSolution
		StartupItem = Assembly-CSharp.csproj
	EndGlobalSection
EndGlobal
